{
  "lib/forge-std": {
    "rev": "1eea5bae12ae557d589f9f0f0edae2faa47cb262"
  },
  "lib/openzeppelin-contracts": {
    "rev": "c64a1edb67b6e3f4a15cca8909c9482ad33a02b0"
  },
  "lib/openzeppelin-contracts-upgradeable": {
    "rev": "06e5433e559584e204372601c807c958a24e635b"
  },
  "lib/openzeppelin-foundry-upgrades": {
    "rev": "16e0ae21e0e39049f619f2396fa28c57fad07368"
  },
  "lib/risc0-ethereum": {
    "rev": "365e7b2db4f620fa256580c27558d2623362b9ae"
  },
  "lib/solmate": {
    "rev": "c93f7716c9909175d45f6ef80a34a650e2d24e56"
  },
  "lib/steel": {
    "rev": "b251b3572cc004bc9f151be37dd59baaf9bbfe10"
  },
  "lib/zkc": {
    "rev": "2bde4e8b2cfa1f72e43ee55343e243972465a6ef"
  }
}